// !$*UTF8*$!
{
	archiveVersion = 1;
	classes = {
	};
	objectVersion = 50;
	objects = {

/* Begin PBXBuildFile section */
		1B5DB28698FA14FA69943267 /* Pods_ToDo.framework in Frameworks */ = {isa = PBXBuildFile; fileRef = 09CBCF45BA4897477343C5D6 /* Pods_ToDo.framework */; };
		661A84D622CBE9480013894F /* DataModel.xcdatamodeld in Sources */ = {isa = PBXBuildFile; fileRef = 661A84D422CBE9480013894F /* DataModel.xcdatamodeld */; };
		665382D922CC42A400753F9F /* CategoryTableViewController.swift in Sources */ = {isa = PBXBuildFile; fileRef = 665382D822CC42A400753F9F /* CategoryTableViewController.swift */; };
		668E714522CA67A10009F9C1 /* AppDelegate.swift in Sources */ = {isa = PBXBuildFile; fileRef = 668E714422CA67A10009F9C1 /* AppDelegate.swift */; };
		668E714722CA67A10009F9C1 /* ToDoListViewController.swift in Sources */ = {isa = PBXBuildFile; fileRef = 668E714622CA67A10009F9C1 /* ToDoListViewController.swift */; };
		668E714A22CA67A10009F9C1 /* Main.storyboard in Resources */ = {isa = PBXBuildFile; fileRef = 668E714822CA67A10009F9C1 /* Main.storyboard */; };
		668E714C22CA67A20009F9C1 /* Assets.xcassets in Resources */ = {isa = PBXBuildFile; fileRef = 668E714B22CA67A20009F9C1 /* Assets.xcassets */; };
		668E714F22CA67A20009F9C1 /* LaunchScreen.storyboard in Resources */ = {isa = PBXBuildFile; fileRef = 668E714D22CA67A20009F9C1 /* LaunchScreen.storyboard */; };
/* End PBXBuildFile section */

/* Begin PBXFileReference section */
		09CBCF45BA4897477343C5D6 /* Pods_ToDo.framework */ = {isa = PBXFileReference; explicitFileType = wrapper.framework; includeInIndex = 0; path = Pods_ToDo.framework; sourceTree = BUILT_PRODUCTS_DIR; };
		27233276FAAD3E5216383A0D /* Pods-ToDo.debug.xcconfig */ = {isa = PBXFileReference; includeInIndex = 1; lastKnownFileType = text.xcconfig; name = "Pods-ToDo.debug.xcconfig"; path = "Target Support Files/Pods-ToDo/Pods-ToDo.debug.xcconfig"; sourceTree = "<group>"; };
		661A84D522CBE9480013894F /* DataModel.xcdatamodel */ = {isa = PBXFileReference; lastKnownFileType = wrapper.xcdatamodel; path = DataModel.xcdatamodel; sourceTree = "<group>"; };
		665382D822CC42A400753F9F /* CategoryTableViewController.swift */ = {isa = PBXFileReference; lastKnownFileType = sourcecode.swift; path = CategoryTableViewController.swift; sourceTree = "<group>"; };
		668E714122CA67A10009F9C1 /* ToDo.app */ = {isa = PBXFileReference; explicitFileType = wrapper.application; includeInIndex = 0; path = ToDo.app; sourceTree = BUILT_PRODUCTS_DIR; };
		668E714422CA67A10009F9C1 /* AppDelegate.swift */ = {isa = PBXFileReference; lastKnownFileType = sourcecode.swift; path = AppDelegate.swift; sourceTree = "<group>"; };
		668E714622CA67A10009F9C1 /* ToDoListViewController.swift */ = {isa = PBXFileReference; lastKnownFileType = sourcecode.swift; name = ToDoListViewController.swift; path = ../ToDoListViewController.swift; sourceTree = "<group>"; };
		668E714922CA67A10009F9C1 /* Base */ = {isa = PBXFileReference; lastKnownFileType = file.storyboard; name = Base; path = Base.lproj/Main.storyboard; sourceTree = "<group>"; };
		668E714B22CA67A20009F9C1 /* Assets.xcassets */ = {isa = PBXFileReference; lastKnownFileType = folder.assetcatalog; path = Assets.xcassets; sourceTree = "<group>"; };
		668E714E22CA67A20009F9C1 /* Base */ = {isa = PBXFileReference; lastKnownFileType = file.storyboard; name = Base; path = Base.lproj/LaunchScreen.storyboard; sourceTree = "<group>"; };
		668E715022CA67A20009F9C1 /* Info.plist */ = {isa = PBXFileReference; lastKnownFileType = text.plist.xml; path = Info.plist; sourceTree = "<group>"; };
		72A427F4C7E68702EFEF5562 /* Pods-ToDo.release.xcconfig */ = {isa = PBXFileReference; includeInIndex = 1; lastKnownFileType = text.xcconfig; name = "Pods-ToDo.release.xcconfig"; path = "Target Support Files/Pods-ToDo/Pods-ToDo.release.xcconfig"; sourceTree = "<group>"; };
/* End PBXFileReference section */

/* Begin PBXFrameworksBuildPhase section */
		668E713E22CA67A10009F9C1 /* Frameworks */ = {
			isa = PBXFrameworksBuildPhase;
			buildActionMask = 2147483647;
			files = (
				1B5DB28698FA14FA69943267 /* Pods_ToDo.framework in Frameworks */,
			);
			runOnlyForDeploymentPostprocessing = 0;
		};
/* End PBXFrameworksBuildPhase section */

/* Begin PBXGroup section */
		0C3C589E6E6B7D807241AEF6 /* Frameworks */ = {
			isa = PBXGroup;
			children = (
				09CBCF45BA4897477343C5D6 /* Pods_ToDo.framework */,
			);
			name = Frameworks;
			sourceTree = "<group>";
		};
		668E713822CA67A10009F9C1 = {
			isa = PBXGroup;
			children = (
				668E714322CA67A10009F9C1 /* ToDo */,
				668E714222CA67A10009F9C1 /* Products */,
				FD109BEF3496F6EEDB6A53B0 /* Pods */,
				0C3C589E6E6B7D807241AEF6 /* Frameworks */,
			);
			sourceTree = "<group>";
		};
		668E714222CA67A10009F9C1 /* Products */ = {
			isa = PBXGroup;
			children = (
				668E714122CA67A10009F9C1 /* ToDo.app */,
			);
			name = Products;
			sourceTree = "<group>";
		};
		668E714322CA67A10009F9C1 /* ToDo */ = {
			isa = PBXGroup;
			children = (
				668E714422CA67A10009F9C1 /* AppDelegate.swift */,
				668E715922CB1B010009F9C1 /* Controllers */,
				668E715822CB08860009F9C1 /* Data Model */,
				668E715B22CB1BEF0009F9C1 /* Views */,
				668E715C22CB1C360009F9C1 /* Supporting Files */,
				668E715022CA67A20009F9C1 /* Info.plist */,
			);
			path = ToDo;
			sourceTree = "<group>";
		};
		668E715822CB08860009F9C1 /* Data Model */ = {
			isa = PBXGroup;
			children = (
				661A84D422CBE9480013894F /* DataModel.xcdatamodeld */,
			);
			path = "Data Model";
			sourceTree = "<group>";
		};
		668E715922CB1B010009F9C1 /* Controllers */ = {
			isa = PBXGroup;
			children = (
				665382D822CC42A400753F9F /* CategoryTableViewController.swift */,
				668E714622CA67A10009F9C1 /* ToDoListViewController.swift */,
			);
			path = Controllers;
			sourceTree = "<group>";
		};
		668E715B22CB1BEF0009F9C1 /* Views */ = {
			isa = PBXGroup;
			children = (
				668E714822CA67A10009F9C1 /* Main.storyboard */,
			);
			path = Views;
			sourceTree = "<group>";
		};
		668E715C22CB1C360009F9C1 /* Supporting Files */ = {
			isa = PBXGroup;
			children = (
				668E714B22CA67A20009F9C1 /* Assets.xcassets */,
				668E714D22CA67A20009F9C1 /* LaunchScreen.storyboard */,
			);
			path = "Supporting Files";
			sourceTree = "<group>";
		};
		FD109BEF3496F6EEDB6A53B0 /* Pods */ = {
			isa = PBXGroup;
			children = (
				27233276FAAD3E5216383A0D /* Pods-ToDo.debug.xcconfig */,
				72A427F4C7E68702EFEF5562 /* Pods-ToDo.release.xcconfig */,
			);
			name = Pods;
			path = Pods;
			sourceTree = "<group>";
		};
/* End PBXGroup section */

/* Begin PBXNativeTarget section */
		668E714022CA67A10009F9C1 /* ToDo */ = {
			isa = PBXNativeTarget;
			buildConfigurationList = 668E715322CA67A20009F9C1 /* Build configuration list for PBXNativeTarget "ToDo" */;
			buildPhases = (
				EA21AFDF3E4D2FB77B359589 /* [CP] Check Pods Manifest.lock */,
				668E713D22CA67A10009F9C1 /* Sources */,
				668E713E22CA67A10009F9C1 /* Frameworks */,
				668E713F22CA67A10009F9C1 /* Resources */,
				C2C7C37C132FECC3386EA148 /* [CP] Embed Pods Frameworks */,
			);
			buildRules = (
			);
			dependencies = (
			);
			name = ToDo;
			productName = ToDo;
			productReference = 668E714122CA67A10009F9C1 /* ToDo.app */;
			productType = "com.apple.product-type.application";
		};
/* End PBXNativeTarget section */

/* Begin PBXProject section */
		668E713922CA67A10009F9C1 /* Project object */ = {
			isa = PBXProject;
			attributes = {
				LastSwiftUpdateCheck = 1020;
				LastUpgradeCheck = 1020;
				ORGANIZATIONNAME = "Adam Terhaerdt";
				TargetAttributes = {
					668E714022CA67A10009F9C1 = {
						CreatedOnToolsVersion = 10.2.1;
					};
				};
			};
			buildConfigurationList = 668E713C22CA67A10009F9C1 /* Build configuration list for PBXProject "ToDo" */;
			compatibilityVersion = "Xcode 9.3";
			developmentRegion = en;
			hasScannedForEncodings = 0;
			knownRegions = (
				en,
				Base,
			);
			mainGroup = 668E713822CA67A10009F9C1;
			productRefGroup = 668E714222CA67A10009F9C1 /* Products */;
			projectDirPath = "";
			projectRoot = "";
			targets = (
				668E714022CA67A10009F9C1 /* ToDo */,
			);
		};
/* End PBXProject section */

/* Begin PBXResourcesBuildPhase section */
		668E713F22CA67A10009F9C1 /* Resources */ = {
			isa = PBXResourcesBuildPhase;
			buildActionMask = 2147483647;
			files = (
				668E714F22CA67A20009F9C1 /* LaunchScreen.storyboard in Resources */,
				668E714C22CA67A20009F9C1 /* Assets.xcassets in Resources */,
				668E714A22CA67A10009F9C1 /* Main.storyboard in Resources */,
			);
			runOnlyForDeploymentPostprocessing = 0;
		};
/* End PBXResourcesBuildPhase section */

/* Begin PBXShellScriptBuildPhase section */
		C2C7C37C132FECC3386EA148 /* [CP] Embed Pods Frameworks */ = {
			isa = PBXShellScriptBuildPhase;
			buildActionMask = 2147483647;
			files = (
			);
			inputFileListPaths = (
				"${PODS_ROOT}/Target Support Files/Pods-ToDo/Pods-ToDo-frameworks-${CONFIGURATION}-input-files.xcfilelist",
			);
			name = "[CP] Embed Pods Frameworks";
			outputFileListPaths = (
				"${PODS_ROOT}/Target Support Files/Pods-ToDo/Pods-ToDo-frameworks-${CONFIGURATION}-output-files.xcfilelist",
			);
			runOnlyForDeploymentPostprocessing = 0;
			shellPath = /bin/sh;
			shellScript = "\"${PODS_ROOT}/Target Support Files/Pods-ToDo/Pods-ToDo-frameworks.sh\"\n";
			showEnvVarsInLog = 0;
		};
		EA21AFDF3E4D2FB77B359589 /* [CP] Check Pods Manifest.lock */ = {
			isa = PBXShellScriptBuildPhase;
			buildActionMask = 2147483647;
			files = (
			);
			inputFileListPaths = (
			);
			inputPaths = (
				"${PODS_PODFILE_DIR_PATH}/Podfile.lock",
				"${PODS_ROOT}/Manifest.lock",
			);
			name = "[CP] Check Pods Manifest.lock";
			outputFileListPaths = (
			);
			outputPaths = (
				"$(DERIVED_FILE_DIR)/Pods-ToDo-checkManifestLockResult.txt",
			);
			runOnlyForDeploymentPostprocessing = 0;
			shellPath = /bin/sh;
			shellScript = "diff \"${PODS_PODFILE_DIR_PATH}/Podfile.lock\" \"${PODS_ROOT}/Manifest.lock\" > /dev/null\nif [ $? != 0 ] ; then\n    # print error to STDERR\n    echo \"error: The sandbox is not in sync with the Podfile.lock. Run 'pod install' or update your CocoaPods installation.\" >&2\n    exit 1\nfi\n# This output is used by Xcode 'outputs' to avoid re-running this script phase.\necho \"SUCCESS\" > \"${SCRIPT_OUTPUT_FILE_0}\"\n";
			showEnvVarsInLog = 0;
		};
/* End PBXShellScriptBuildPhase section */

/* Begin PBXSourcesBuildPhase section */
		668E713D22CA67A10009F9C1 /* Sources */ = {
			isa = PBXSourcesBuildPhase;
			buildActionMask = 2147483647;
			files = (
				668E714722CA67A10009F9C1 /* ToDoListViewController.swift in Sources */,
				661A84D622CBE9480013894F /* DataModel.xcdatamodeld in Sources */,
				668E714522CA67A10009F9C1 /* AppDelegate.swift in Sources */,
				665382D922CC42A400753F9F /* CategoryTableViewController.swift in Sources */,
			);
			runOnlyForDeploymentPostprocessing = 0;
		};
/* End PBXSourcesBuildPhase section */

/* Begin PBXVariantGroup section */
		668E714822CA67A10009F9C1 /* Main.storyboard */ = {
			isa = PBXVariantGroup;
			children = (
				668E714922CA67A10009F9C1 /* Base */,
			);
			name = Main.storyboard;
			sourceTree = "<group>";
		};
		668E714D22CA67A20009F9C1 /* LaunchScreen.storyboard */ = {
			isa = PBXVariantGroup;
			children = (
				668E714E22CA67A20009F9C1 /* Base */,
			);
			name = LaunchScreen.storyboard;
			sourceTree = "<group>";
		};
/* End PBXVariantGroup section */

/* Begin XCBuildConfiguration section */
		668E715122CA67A20009F9C1 /* Debug */ = {
			isa = XCBuildConfiguration;
			buildSettings = {
				ALWAYS_SEARCH_USER_PATHS = NO;
				CLANG_ANALYZER_NONNULL = YES;
				CLANG_ANALYZER_NUMBER_OBJECT_CONVERSION = YES_AGGRESSIVE;
				CLANG_CXX_LANGUAGE_STANDARD = "gnu++14";
				CLANG_CXX_LIBRARY = "libc++";
				CLANG_ENABLE_MODULES = YES;
				CLANG_ENABLE_OBJC_ARC = YES;
				CLANG_ENABLE_OBJC_WEAK = YES;
				CLANG_WARN_BLOCK_CAPTURE_AUTORELEASING = YES;
				CLANG_WARN_BOOL_CONVERSION = YES;
				CLANG_WARN_COMMA = YES;
				CLANG_WARN_CONSTANT_CONVERSION = YES;
				CLANG_WARN_DEPRECATED_OBJC_IMPLEMENTATIONS = YES;
				CLANG_WARN_DIRECT_OBJC_ISA_USAGE = YES_ERROR;
				CLANG_WARN_DOCUMENTATION_COMMENTS = YES;
				CLANG_WARN_EMPTY_BODY = YES;
				CLANG_WARN_ENUM_CONVERSION = YES;
				CLANG_WARN_INFINITE_RECURSION = YES;
				CLANG_WARN_INT_CONVERSION = YES;
				CLANG_WARN_NON_LITERAL_NULL_CONVERSION = YES;
				CLANG_WARN_OBJC_IMPLICIT_RETAIN_SELF = YES;
				CLANG_WARN_OBJC_LITERAL_CONVERSION = YES;
				CLANG_WARN_OBJC_ROOT_CLASS = YES_ERROR;
				CLANG_WARN_RANGE_LOOP_ANALYSIS = YES;
				CLANG_WARN_STRICT_PROTOTYPES = YES;
				CLANG_WARN_SUSPICIOUS_MOVE = YES;
				CLANG_WARN_UNGUARDED_AVAILABILITY = YES_AGGRESSIVE;
				CLANG_WARN_UNREACHABLE_CODE = YES;
				CLANG_WARN__DUPLICATE_METHOD_MATCH = YES;
				CODE_SIGN_IDENTITY = "iPhone Developer";
				COPY_PHASE_STRIP = NO;
				DEBUG_INFORMATION_FORMAT = dwarf;
				ENABLE_STRICT_OBJC_MSGSEND = YES;
				ENABLE_TESTABILITY = YES;
				GCC_C_LANGUAGE_STANDARD = gnu11;
				GCC_DYNAMIC_NO_PIC = NO;
				GCC_NO_COMMON_BLOCKS = YES;
				GCC_OPTIMIZATION_LEVEL = 0;
				GCC_PREPROCESSOR_DEFINITIONS = (
					"DEBUG=1",
					"$(inherited)",
				);
				GCC_WARN_64_TO_32_BIT_CONVERSION = YES;
				GCC_WARN_ABOUT_RETURN_TYPE = YES_ERROR;
				GCC_WARN_UNDECLARED_SELECTOR = YES;
				GCC_WARN_UNINITIALIZED_AUTOS = YES_AGGRESSIVE;
				GCC_WARN_UNUSED_FUNCTION = YES;
				GCC_WARN_UNUSED_VARIABLE = YES;
				IPHONEOS_DEPLOYMENT_TARGET = 12.2;
				MTL_ENABLE_DEBUG_INFO = INCLUDE_SOURCE;
				MTL_FAST_MATH = YES;
				ONLY_ACTIVE_ARCH = YES;
				SDKROOT = iphoneos;
				SWIFT_ACTIVE_COMPILATION_CONDITIONS = DEBUG;
				SWIFT_OPTIMIZATION_LEVEL = "-Onone";
			};
			name = Debug;
		};
		668E715222CA67A20009F9C1 /* Release */ = {
			isa = XCBuildConfiguration;
			buildSettings = {
				ALWAYS_SEARCH_USER_PATHS = NO;
				CLANG_ANALYZER_NONNULL = YES;
				CLANG_ANALYZER_NUMBER_OBJECT_CONVERSION = YES_AGGRESSIVE;
				CLANG_CXX_LANGUAGE_STANDARD = "gnu++14";
				CLANG_CXX_LIBRARY = "libc++";
				CLANG_ENABLE_MODULES = YES;
				CLANG_ENABLE_OBJC_ARC = YES;
				CLANG_ENABLE_OBJC_WEAK = YES;
				CLANG_WARN_BLOCK_CAPTURE_AUTORELEASING = YES;
				CLANG_WARN_BOOL_CONVERSION = YES;
				CLANG_WARN_COMMA = YES;
				CLANG_WARN_CONSTANT_CONVERSION = YES;
				CLANG_WARN_DEPRECATED_OBJC_IMPLEMENTATIONS = YES;
				CLANG_WARN_DIRECT_OBJC_ISA_USAGE = YES_ERROR;
				CLANG_WARN_DOCUMENTATION_COMMENTS = YES;
				CLANG_WARN_EMPTY_BODY = YES;
				CLANG_WARN_ENUM_CONVERSION = YES;
				CLANG_WARN_INFINITE_RECURSION = YES;
				CLANG_WARN_INT_CONVERSION = YES;
				CLANG_WARN_NON_LITERAL_NULL_CONVERSION = YES;
				CLANG_WARN_OBJC_IMPLICIT_RETAIN_SELF = YES;
				CLANG_WARN_OBJC_LITERAL_CONVERSION = YES;
				CLANG_WARN_OBJC_ROOT_CLASS = YES_ERROR;
				CLANG_WARN_RANGE_LOOP_ANALYSIS = YES;
				CLANG_WARN_STRICT_PROTOTYPES = YES;
				CLANG_WARN_SUSPICIOUS_MOVE = YES;
				CLANG_WARN_UNGUARDED_AVAILABILITY = YES_AGGRESSIVE;
				CLANG_WARN_UNREACHABLE_CODE = YES;
				CLANG_WARN__DUPLICATE_METHOD_MATCH = YES;
				CODE_SIGN_IDENTITY = "iPhone Developer";
				COPY_PHASE_STRIP = NO;
				DEBUG_INFORMATION_FORMAT = "dwarf-with-dsym";
				ENABLE_NS_ASSERTIONS = NO;
				ENABLE_STRICT_OBJC_MSGSEND = YES;
				GCC_C_LANGUAGE_STANDARD = gnu11;
				GCC_NO_COMMON_BLOCKS = YES;
				GCC_WARN_64_TO_32_BIT_CONVERSION = YES;
				GCC_WARN_ABOUT_RETURN_TYPE = YES_ERROR;
				GCC_WARN_UNDECLARED_SELECTOR = YES;
				GCC_WARN_UNINITIALIZED_AUTOS = YES_AGGRESSIVE;
				GCC_WARN_UNUSED_FUNCTION = YES;
				GCC_WARN_UNUSED_VARIABLE = YES;
				IPHONEOS_DEPLOYMENT_TARGET = 12.2;
				MTL_ENABLE_DEBUG_INFO = NO;
				MTL_FAST_MATH = YES;
				SDKROOT = iphoneos;
				SWIFT_COMPILATION_MODE = wholemodule;
				SWIFT_OPTIMIZATION_LEVEL = "-O";
				VALIDATE_PRODUCT = YES;
			};
			name = Release;
		};
		668E715422CA67A20009F9C1 /* Debug */ = {
			isa = XCBuildConfiguration;
			baseConfigurationReference = 27233276FAAD3E5216383A0D /* Pods-ToDo.debug.xcconfig */;
			buildSettings = {
				ASSETCATALOG_COMPILER_APPICON_NAME = AppIcon;
				CODE_SIGN_STYLE = Automatic;
				DEVELOPMENT_TEAM = P99VZ4MFR6;
				INFOPLIST_FILE = ToDo/Info.plist;
				LD_RUNPATH_SEARCH_PATHS = (
					"$(inherited)",
					"@executable_path/Frameworks",
				);
				PRODUCT_BUNDLE_IDENTIFIER = com.AdamTerhaerdt.ToDo;
				PRODUCT_NAME = "$(TARGET_NAME)";
				SWIFT_VERSION = 5.0;
				TARGETED_DEVICE_FAMILY = "1,2";
			};
			name = Debug;
		};
		668E715522CA67A20009F9C1 /* Release */ = {
			isa = XCBuildConfiguration;
			baseConfigurationReference = 72A427F4C7E68702EFEF5562 /* Pods-ToDo.release.xcconfig */;
			buildSettings = {
				ASSETCATALOG_COMPILER_APPICON_NAME = AppIcon;
				CODE_SIGN_STYLE = Automatic;
				DEVELOPMENT_TEAM = P99VZ4MFR6;
				INFOPLIST_FILE = ToDo/Info.plist;
				LD_RUNPATH_SEARCH_PATHS = (
					"$(inherited)",
					"@executable_path/Frameworks",
				);
				PRODUCT_BUNDLE_IDENTIFIER = com.AdamTerhaerdt.ToDo;
				PRODUCT_NAME = "$(TARGET_NAME)";
				SWIFT_VERSION = 5.0;
				TARGETED_DEVICE_FAMILY = "1,2";
			};
			name = Release;
		};
/* End XCBuildConfiguration section */

/* Begin XCConfigurationList section */
		668E713C22CA67A10009F9C1 /* Build configuration list for PBXProject "ToDo" */ = {
			isa = XCConfigurationList;
			buildConfigurations = (
				668E715122CA67A20009F9C1 /* Debug */,
				668E715222CA67A20009F9C1 /* Release */,
			);
			defaultConfigurationIsVisible = 0;
			defaultConfigurationName = Release;
		};
		668E715322CA67A20009F9C1 /* Build configuration list for PBXNativeTarget "ToDo" */ = {
			isa = XCConfigurationList;
			buildConfigurations = (
				668E715422CA67A20009F9C1 /* Debug */,
				668E715522CA67A20009F9C1 /* Release */,
			);
			defaultConfigurationIsVisible = 0;
			defaultConfigurationName = Release;
		};
/* End XCConfigurationList section */

/* Begin XCVersionGroup section */
		661A84D422CBE9480013894F /* DataModel.xcdatamodeld */ = {
			isa = XCVersionGroup;
			children = (
				661A84D522CBE9480013894F /* DataModel.xcdatamodel */,
			);
			currentVersion = 661A84D522CBE9480013894F /* DataModel.xcdatamodel */;
			path = DataModel.xcdatamodeld;
			sourceTree = "<group>";
			versionGroupType = wrapper.xcdatamodel;
		};
/* End XCVersionGroup section */
	};
	rootObject = 668E713922CA67A10009F9C1 /* Project object */;
}
